
Microsoft Visual Studio Solution File, Format Version 12.00
# Visual Studio Version 16
VisualStudioVersion = 16.0.29509.3
MinimumVisualStudioVersion = 10.0.40219.1
Project("{FAE04EC0-301F-11D3-BF4B-00C04F79EFBC}") = "Wad3 Viewer", "Wad3 Viewer.csproj", "{97EE1C92-B5F2-4E8A-945B-B277BE30E3C8}"
EndProject
Global
	GlobalSection(SolutionConfigurationPlatforms) = preSolution
		Debug|Any CPU = Debug|Any CPU
		Release|Any CPU = Release|Any CPU
	EndGlobalSection
	GlobalSection(ProjectConfigurationPlatforms) = postSolution
		{97EE1C92-B5F2-4E8A-945B-B277BE30E3C8}.Debug|Any CPU.ActiveCfg = Debug|Any CPU
		{97EE1C92-B5F2-4E8A-945B-B277BE30E3C8}.Debug|Any CPU.Build.0 = Debug|Any CPU
		{97EE1C92-B5F2-4E8A-945B-B277BE30E3C8}.Release|Any CPU.ActiveCfg = Release|Any CPU
		{97EE1C92-B5F2-4E8A-945B-B277BE30E3C8}.Release|Any CPU.Build.0 = Release|Any CPU
	EndGlobalSection
	GlobalSection(SolutionProperties) = preSolution
		HideSolutionNode = FALSE
	EndGlobalSection
	GlobalSection(ExtensibilityGlobals) = postSolution
		SolutionGuid = {52E4FCF8-65F9-4AE6-B0CF-67365122F984}
	EndGlobalSection
EndGlobal
